
Microsoft Visual Studio Solution File, Format Version 12.00
# Visual Studio Version 16
VisualStudioVersion = 16.0.31402.337
MinimumVisualStudioVersion = 10.0.40219.1
Project("{FAE04EC0-301F-11D3-BF4B-00C04F79EFBC}") = "CEP", "CEP.csproj", "{2FEC3A7B-94BC-4D15-940F-83424E1EB323}"
EndProject
Global
	GlobalSection(SolutionConfigurationPlatforms) = preSolution
		Debug|Any CPU = Debug|Any CPU
		Release|Any CPU = Release|Any CPU
	EndGlobalSection
	GlobalSection(ProjectConfigurationPlatforms) = postSolution
		{2FEC3A7B-94BC-4D15-940F-83424E1EB323}.Debug|Any CPU.ActiveCfg = Debug|Any CPU
		{2FEC3A7B-94BC-4D15-940F-83424E1EB323}.Debug|Any CPU.Build.0 = Debug|Any CPU
		{2FEC3A7B-94BC-4D15-940F-83424E1EB323}.Release|Any CPU.ActiveCfg = Release|Any CPU
		{2FEC3A7B-94BC-4D15-940F-83424E1EB323}.Release|Any CPU.Build.0 = Release|Any CPU
	EndGlobalSection
	GlobalSection(SolutionProperties) = preSolution
		HideSolutionNode = FALSE
	EndGlobalSection
	GlobalSection(ExtensibilityGlobals) = postSolution
		SolutionGuid = {4DC66EC3-9017-4DAE-8DE0-E37EBEBEB33C}
	EndGlobalSection
EndGlobal
