
Microsoft Visual Studio Solution File, Format Version 12.00
# Visual Studio Version 16
VisualStudioVersion = 16.0.31402.337
MinimumVisualStudioVersion = 10.0.40219.1
Project("{FAE04EC0-301F-11D3-BF4B-00C04F79EFBC}") = "ConsultandoCollections", "ConsultandoCollections.csproj", "{FA0F4E55-33EF-4E50-AE84-98D3062BBB8B}"
EndProject
Global
	GlobalSection(SolutionConfigurationPlatforms) = preSolution
		Debug|Any CPU = Debug|Any CPU
		Release|Any CPU = Release|Any CPU
	EndGlobalSection
	GlobalSection(ProjectConfigurationPlatforms) = postSolution
		{FA0F4E55-33EF-4E50-AE84-98D3062BBB8B}.Debug|Any CPU.ActiveCfg = Debug|Any CPU
		{FA0F4E55-33EF-4E50-AE84-98D3062BBB8B}.Debug|Any CPU.Build.0 = Debug|Any CPU
		{FA0F4E55-33EF-4E50-AE84-98D3062BBB8B}.Release|Any CPU.ActiveCfg = Release|Any CPU
		{FA0F4E55-33EF-4E50-AE84-98D3062BBB8B}.Release|Any CPU.Build.0 = Release|Any CPU
	EndGlobalSection
	GlobalSection(SolutionProperties) = preSolution
		HideSolutionNode = FALSE
	EndGlobalSection
	GlobalSection(ExtensibilityGlobals) = postSolution
		SolutionGuid = {3AD64E63-0E65-4F44-A942-7C44DA1CE970}
	EndGlobalSection
EndGlobal
