
Microsoft Visual Studio Solution File, Format Version 12.00
# Visual Studio Version 16
VisualStudioVersion = 16.0.31402.337
MinimumVisualStudioVersion = 10.0.40219.1
Project("{FAE04EC0-301F-11D3-BF4B-00C04F79EFBC}") = "SortedList", "SortedList.csproj", "{30FB114D-E8AC-4898-8587-94AA87CA3CEC}"
EndProject
Global
	GlobalSection(SolutionConfigurationPlatforms) = preSolution
		Debug|Any CPU = Debug|Any CPU
		Release|Any CPU = Release|Any CPU
	EndGlobalSection
	GlobalSection(ProjectConfigurationPlatforms) = postSolution
		{30FB114D-E8AC-4898-8587-94AA87CA3CEC}.Debug|Any CPU.ActiveCfg = Debug|Any CPU
		{30FB114D-E8AC-4898-8587-94AA87CA3CEC}.Debug|Any CPU.Build.0 = Debug|Any CPU
		{30FB114D-E8AC-4898-8587-94AA87CA3CEC}.Release|Any CPU.ActiveCfg = Release|Any CPU
		{30FB114D-E8AC-4898-8587-94AA87CA3CEC}.Release|Any CPU.Build.0 = Release|Any CPU
	EndGlobalSection
	GlobalSection(SolutionProperties) = preSolution
		HideSolutionNode = FALSE
	EndGlobalSection
	GlobalSection(ExtensibilityGlobals) = postSolution
		SolutionGuid = {585B08DB-2478-4791-814B-2F5E216DA51D}
	EndGlobalSection
EndGlobal
